<?xml version="1.0" encoding="UTF-8" standalone="yes" ?>
<CodeBlocks_project_file>
	<FileVersion major="1" minor="6" />
	<Project>
		<Option title="Razbibriga_1" />
		<Option pch_mode="2" />
		<Option compiler="gcc" />
		<Build>
			<Target title="Debug">
				<Option output="bin/Debug/Razbibriga_1" prefix_auto="1" extension_auto="1" />
				<Option object_output="obj/Debug/" />
				<Option type="1" />
				<Option compiler="gcc" />
				<Compiler>
					<Add option="-g" />
				</Compiler>
			</Target>
			<Target title="Release">
				<Option output="bin/Release/Razbibriga_1" prefix_auto="1" extension_auto="1" />
				<Option object_output="obj/Release/" />
				<Option type="1" />
				<Option compiler="gcc" />
				<Compiler>
					<Add option="-O2" />
				</Compiler>
				<Linker>
					<Add option="-s" />
				</Linker>
			</Target>
		</Build>
		<Compiler>
			<Add option="-Wall" />
			<Add option="-fexceptions" />
		</Compiler>
		<Unit filename="E1_88_2015_bin_ispis.cpp" />
		<Unit filename="E1_88_2015_binom.cpp" />
		<Unit filename="E1_88_2015_faktorizacija.cpp" />
		<Unit filename="E1_88_2015_fibonacci_a.cpp" />
		<Unit filename="E1_88_2015_fibonacci_b.cpp" />
		<Unit filename="E1_88_2015_fibonacci_c.cpp" />
		<Unit filename="E1_88_2015_kombinacije.cpp" />
		<Unit filename="E1_88_2015_kvadratna_jednacina.cpp" />
		<Unit filename="main.cpp" />
		<Extensions>
			<code_completion />
			<envvars />
			<debugger />
			<lib_finder disable_auto="1" />
		</Extensions>
	</Project>
</CodeBlocks_project_file>
